// !$*UTF8*$!
{
	archiveVersion = 1;
	classes = {
	};
	objectVersion = 46;
	objects = {

/* Begin PBXBuildFile section */
		0496A360A6F874C295C73D4B /* libPods-Shared-spotter-macOS.a in Frameworks */ = {isa = PBXBuildFile; fileRef = C8DBC48FD7C3AEF576C57B21 /* libPods-Shared-spotter-macOS.a */; };
		514201552437B4B40078DB4F /* Main.storyboard in Resources */ = {isa = PBXBuildFile; fileRef = 514201532437B4B40078DB4F /* Main.storyboard */; };
		923C274E24D01BE3006C67F3 /* ApplicationsDimensions.swift in Sources */ = {isa = PBXBuildFile; fileRef = 923C274D24D01BE3006C67F3 /* ApplicationsDimensions.swift */; };
		923C275024D01BF1006C67F3 /* ApplicationsDimensions.m in Sources */ = {isa = PBXBuildFile; fileRef = 923C274F24D01BF1006C67F3 /* ApplicationsDimensions.m */; };
		92418A1D24CA1848007897A2 /* AppDelegate.swift in Sources */ = {isa = PBXBuildFile; fileRef = 92418A1C24CA1848007897A2 /* AppDelegate.swift */; };
		9244817225A2555F00EF3F60 /* HotkeyInputView.swift in Sources */ = {isa = PBXBuildFile; fileRef = 9244817125A2555F00EF3F60 /* HotkeyInputView.swift */; };
		9245EB672598ACAD0032CB6D /* Input.swift in Sources */ = {isa = PBXBuildFile; fileRef = 9245EB662598ACAD0032CB6D /* Input.swift */; };
		9245EB9D2598BBCA0032CB6D /* Input.m in Sources */ = {isa = PBXBuildFile; fileRef = 9245EB9C2598BBCA0032CB6D /* Input.m */; };
		9245EC09259BB1C50032CB6D /* CustomNSTextField.swift in Sources */ = {isa = PBXBuildFile; fileRef = 9245EC08259BB1C50032CB6D /* CustomNSTextField.swift */; };
		924CFDF0259CC6E8002FF7D3 /* Notifications.swift in Sources */ = {isa = PBXBuildFile; fileRef = 924CFDEF259CC6E8002FF7D3 /* Notifications.swift */; };
		924CFDF3259CC6FA002FF7D3 /* Notifications.m in Sources */ = {isa = PBXBuildFile; fileRef = 924CFDF2259CC6FA002FF7D3 /* Notifications.m */; };
		924CFDF7259CC9AF002FF7D3 /* StatusBar.m in Sources */ = {isa = PBXBuildFile; fileRef = 924CFDF6259CC9AF002FF7D3 /* StatusBar.m */; };
		924CFDFA259CC9B7002FF7D3 /* StatusBar.swift in Sources */ = {isa = PBXBuildFile; fileRef = 924CFDF9259CC9B7002FF7D3 /* StatusBar.swift */; };
		9251DDF324DB160900D3193F /* Assets.xcassets in Resources */ = {isa = PBXBuildFile; fileRef = 9251DDF224DB160900D3193F /* Assets.xcassets */; };
		925CF3F02596266D00D71A76 /* Hotkey.swift in Sources */ = {isa = PBXBuildFile; fileRef = 925CF3EF2596266D00D71A76 /* Hotkey.swift */; };
		925CF3F42596267E00D71A76 /* Hotkey.m in Sources */ = {isa = PBXBuildFile; fileRef = 925CF3F32596267E00D71A76 /* Hotkey.m */; };
		925D5851259F4A9000A8FE7C /* Clipboard.swift in Sources */ = {isa = PBXBuildFile; fileRef = 925D5850259F4A9000A8FE7C /* Clipboard.swift */; };
		925D5854259F4AA300A8FE7C /* Clipboard.m in Sources */ = {isa = PBXBuildFile; fileRef = 925D5853259F4AA300A8FE7C /* Clipboard.m */; };
		9275A7A225A48A8E002F1432 /* Bluetooth.swift in Sources */ = {isa = PBXBuildFile; fileRef = 9275A7A125A48A8E002F1432 /* Bluetooth.swift */; };
		9275A7A525A48A9C002F1432 /* Bluetooth.m in Sources */ = {isa = PBXBuildFile; fileRef = 9275A7A425A48A9C002F1432 /* Bluetooth.m */; };
		928070F125A5260000F6363F /* IconImage.swift in Sources */ = {isa = PBXBuildFile; fileRef = 928070F025A5260000F6363F /* IconImage.swift */; };
		928070F525A5260A00F6363F /* IconImage.m in Sources */ = {isa = PBXBuildFile; fileRef = 928070F425A5260A00F6363F /* IconImage.m */; };
		928070FB25A529D900F6363F /* CustomIconImage.swift in Sources */ = {isa = PBXBuildFile; fileRef = 928070FA25A529D900F6363F /* CustomIconImage.swift */; };
		92AB4F7024B98D870094195D /* Panel.swift in Sources */ = {isa = PBXBuildFile; fileRef = 92AB4F6F24B98D870094195D /* Panel.swift */; };
		92AB4F7224B98DF80094195D /* Panel.m in Sources */ = {isa = PBXBuildFile; fileRef = 92AB4F7124B98DF80094195D /* Panel.m */; };
		92BE4F3624CEC6740049B6B3 /* Shell.swift in Sources */ = {isa = PBXBuildFile; fileRef = 92BE4F3524CEC6740049B6B3 /* Shell.swift */; };
		92BE4F3824CEC6820049B6B3 /* Shell.m in Sources */ = {isa = PBXBuildFile; fileRef = 92BE4F3724CEC6820049B6B3 /* Shell.m */; };
		92F41E5C25A24A9C00D6EAD6 /* HotkeyInput.swift in Sources */ = {isa = PBXBuildFile; fileRef = 92F41E5B25A24A9C00D6EAD6 /* HotkeyInput.swift */; };
		92F41E5F25A24AA600D6EAD6 /* HotkeyInput.m in Sources */ = {isa = PBXBuildFile; fileRef = 92F41E5E25A24AA600D6EAD6 /* HotkeyInput.m */; };
/* End PBXBuildFile section */

/* Begin PBXFileReference section */
		02422F9FB6FF5F34B4E63E6F /* Pods-Shared-spotter-macOS.debug.xcconfig */ = {isa = PBXFileReference; includeInIndex = 1; lastKnownFileType = text.xcconfig; name = "Pods-Shared-spotter-macOS.debug.xcconfig"; path = "Target Support Files/Pods-Shared-spotter-macOS/Pods-Shared-spotter-macOS.debug.xcconfig"; sourceTree = "<group>"; };
		514201492437B4B30078DB4F /* spotter.app */ = {isa = PBXFileReference; explicitFileType = wrapper.application; includeInIndex = 0; path = spotter.app; sourceTree = BUILT_PRODUCTS_DIR; };
		514201542437B4B40078DB4F /* Base */ = {isa = PBXFileReference; lastKnownFileType = file.storyboard; name = Base; path = Base.lproj/Main.storyboard; sourceTree = "<group>"; };
		514201562437B4B40078DB4F /* Info.plist */ = {isa = PBXFileReference; lastKnownFileType = text.plist.xml; path = Info.plist; sourceTree = "<group>"; };
		514201592437B4B40078DB4F /* spotter.entitlements */ = {isa = PBXFileReference; lastKnownFileType = text.plist.entitlements; path = spotter.entitlements; sourceTree = "<group>"; };
		923C274D24D01BE3006C67F3 /* ApplicationsDimensions.swift */ = {isa = PBXFileReference; lastKnownFileType = sourcecode.swift; path = ApplicationsDimensions.swift; sourceTree = "<group>"; };
		923C274F24D01BF1006C67F3 /* ApplicationsDimensions.m */ = {isa = PBXFileReference; lastKnownFileType = sourcecode.c.objc; path = ApplicationsDimensions.m; sourceTree = "<group>"; };
		92418A1C24CA1848007897A2 /* AppDelegate.swift */ = {isa = PBXFileReference; lastKnownFileType = sourcecode.swift; path = AppDelegate.swift; sourceTree = "<group>"; };
		9244817125A2555F00EF3F60 /* HotkeyInputView.swift */ = {isa = PBXFileReference; lastKnownFileType = sourcecode.swift; name = HotkeyInputView.swift; path = "Spotter-macOS/HotkeyInput/HotkeyInputView.swift"; sourceTree = SOURCE_ROOT; };
		9245EB662598ACAD0032CB6D /* Input.swift */ = {isa = PBXFileReference; lastKnownFileType = sourcecode.swift; path = Input.swift; sourceTree = "<group>"; };
		9245EB9C2598BBCA0032CB6D /* Input.m */ = {isa = PBXFileReference; lastKnownFileType = sourcecode.c.objc; path = Input.m; sourceTree = "<group>"; };
		9245EC08259BB1C50032CB6D /* CustomNSTextField.swift */ = {isa = PBXFileReference; lastKnownFileType = sourcecode.swift; path = CustomNSTextField.swift; sourceTree = "<group>"; };
		924CFDEF259CC6E8002FF7D3 /* Notifications.swift */ = {isa = PBXFileReference; lastKnownFileType = sourcecode.swift; name = Notifications.swift; path = "Spotter-macOS/Notifications/Notifications.swift"; sourceTree = SOURCE_ROOT; };
		924CFDF2259CC6FA002FF7D3 /* Notifications.m */ = {isa = PBXFileReference; lastKnownFileType = sourcecode.c.objc; name = Notifications.m; path = "Spotter-macOS/Notifications/Notifications.m"; sourceTree = SOURCE_ROOT; };
		924CFDF6259CC9AF002FF7D3 /* StatusBar.m */ = {isa = PBXFileReference; lastKnownFileType = sourcecode.c.objc; name = StatusBar.m; path = "Spotter-macOS/StatusBar/StatusBar.m"; sourceTree = SOURCE_ROOT; };
		924CFDF9259CC9B7002FF7D3 /* StatusBar.swift */ = {isa = PBXFileReference; lastKnownFileType = sourcecode.swift; name = StatusBar.swift; path = "Spotter-macOS/StatusBar/StatusBar.swift"; sourceTree = SOURCE_ROOT; };
		9251DDF224DB160900D3193F /* Assets.xcassets */ = {isa = PBXFileReference; lastKnownFileType = folder.assetcatalog; path = Assets.xcassets; sourceTree = "<group>"; };
		925CF3EF2596266D00D71A76 /* Hotkey.swift */ = {isa = PBXFileReference; lastKnownFileType = sourcecode.swift; path = Hotkey.swift; sourceTree = "<group>"; };
		925CF3F32596267E00D71A76 /* Hotkey.m */ = {isa = PBXFileReference; lastKnownFileType = sourcecode.c.objc; path = Hotkey.m; sourceTree = "<group>"; };
		925CF4322596443100D71A76 /* JavaScriptCore.framework */ = {isa = PBXFileReference; lastKnownFileType = wrapper.framework; name = JavaScriptCore.framework; path = Platforms/MacOSX.platform/Developer/SDKs/MacOSX11.1.sdk/System/Library/Frameworks/JavaScriptCore.framework; sourceTree = DEVELOPER_DIR; };
		925D5850259F4A9000A8FE7C /* Clipboard.swift */ = {isa = PBXFileReference; lastKnownFileType = sourcecode.swift; name = Clipboard.swift; path = "Spotter-macOS/Clipboard/Clipboard.swift"; sourceTree = SOURCE_ROOT; };
		925D5853259F4AA300A8FE7C /* Clipboard.m */ = {isa = PBXFileReference; lastKnownFileType = sourcecode.c.objc; name = Clipboard.m; path = "Spotter-macOS/Clipboard/Clipboard.m"; sourceTree = SOURCE_ROOT; };
		9275A7A125A48A8E002F1432 /* Bluetooth.swift */ = {isa = PBXFileReference; lastKnownFileType = sourcecode.swift; name = Bluetooth.swift; path = "Spotter-macOS/Bluetooth/Bluetooth.swift"; sourceTree = SOURCE_ROOT; };
		9275A7A425A48A9C002F1432 /* Bluetooth.m */ = {isa = PBXFileReference; lastKnownFileType = sourcecode.c.objc; name = Bluetooth.m; path = "Spotter-macOS/Bluetooth/Bluetooth.m"; sourceTree = SOURCE_ROOT; };
		928070F025A5260000F6363F /* IconImage.swift */ = {isa = PBXFileReference; lastKnownFileType = sourcecode.swift; path = IconImage.swift; sourceTree = "<group>"; };
		928070F425A5260A00F6363F /* IconImage.m */ = {isa = PBXFileReference; lastKnownFileType = sourcecode.c.objc; path = IconImage.m; sourceTree = "<group>"; };
		928070FA25A529D900F6363F /* CustomIconImage.swift */ = {isa = PBXFileReference; lastKnownFileType = sourcecode.swift; path = CustomIconImage.swift; sourceTree = "<group>"; };
		92AB4F6E24B98D870094195D /* spotter-macOS-Bridging-Header.h */ = {isa = PBXFileReference; lastKnownFileType = sourcecode.c.h; path = "spotter-macOS-Bridging-Header.h"; sourceTree = "<group>"; };
		92AB4F6F24B98D870094195D /* Panel.swift */ = {isa = PBXFileReference; lastKnownFileType = sourcecode.swift; path = Panel.swift; sourceTree = "<group>"; };
		92AB4F7124B98DF80094195D /* Panel.m */ = {isa = PBXFileReference; lastKnownFileType = sourcecode.c.objc; path = Panel.m; sourceTree = "<group>"; };
		92BE4F3524CEC6740049B6B3 /* Shell.swift */ = {isa = PBXFileReference; lastKnownFileType = sourcecode.swift; path = Shell.swift; sourceTree = "<group>"; };
		92BE4F3724CEC6820049B6B3 /* Shell.m */ = {isa = PBXFileReference; lastKnownFileType = sourcecode.c.objc; path = Shell.m; sourceTree = "<group>"; };
		92F41E5B25A24A9C00D6EAD6 /* HotkeyInput.swift */ = {isa = PBXFileReference; lastKnownFileType = sourcecode.swift; name = HotkeyInput.swift; path = "Spotter-macOS/HotkeyInput/HotkeyInput.swift"; sourceTree = SOURCE_ROOT; };
		92F41E5E25A24AA600D6EAD6 /* HotkeyInput.m */ = {isa = PBXFileReference; lastKnownFileType = sourcecode.c.objc; name = HotkeyInput.m; path = "Spotter-macOS/HotkeyInput/HotkeyInput.m"; sourceTree = SOURCE_ROOT; };
		C8DBC48FD7C3AEF576C57B21 /* libPods-Shared-spotter-macOS.a */ = {isa = PBXFileReference; explicitFileType = archive.ar; includeInIndex = 0; path = "libPods-Shared-spotter-macOS.a"; sourceTree = BUILT_PRODUCTS_DIR; };
		CE0E74F571E1F48FF00A8324 /* Pods-Shared-spotter-macOS.release.xcconfig */ = {isa = PBXFileReference; includeInIndex = 1; lastKnownFileType = text.xcconfig; name = "Pods-Shared-spotter-macOS.release.xcconfig"; path = "Target Support Files/Pods-Shared-spotter-macOS/Pods-Shared-spotter-macOS.release.xcconfig"; sourceTree = "<group>"; };
		ED297162215061F000B7C4FE /* JavaScriptCore.framework */ = {isa = PBXFileReference; lastKnownFileType = wrapper.framework; name = JavaScriptCore.framework; path = System/Library/Frameworks/JavaScriptCore.framework; sourceTree = SDKROOT; };
		ED2971642150620600B7C4FE /* JavaScriptCore.framework */ = {isa = PBXFileReference; lastKnownFileType = wrapper.framework; name = JavaScriptCore.framework; path = Platforms/AppleTVOS.platform/Developer/SDKs/AppleTVOS12.0.sdk/System/Library/Frameworks/JavaScriptCore.framework; sourceTree = DEVELOPER_DIR; };
/* End PBXFileReference section */

/* Begin PBXFrameworksBuildPhase section */
		514201462437B4B30078DB4F /* Frameworks */ = {
			isa = PBXFrameworksBuildPhase;
			buildActionMask = 2147483647;
			files = (
				0496A360A6F874C295C73D4B /* libPods-Shared-spotter-macOS.a in Frameworks */,
			);
			runOnlyForDeploymentPostprocessing = 0;
		};
/* End PBXFrameworksBuildPhase section */

/* Begin PBXGroup section */
		1986A43FA6A91CFACDF0A798 /* Pods */ = {
			isa = PBXGroup;
			children = (
				02422F9FB6FF5F34B4E63E6F /* Pods-Shared-spotter-macOS.debug.xcconfig */,
				CE0E74F571E1F48FF00A8324 /* Pods-Shared-spotter-macOS.release.xcconfig */,
			);
			path = Pods;
			sourceTree = "<group>";
		};
		2D16E6871FA4F8E400B85C8A /* Frameworks */ = {
			isa = PBXGroup;
			children = (
				ED297162215061F000B7C4FE /* JavaScriptCore.framework */,
				ED2971642150620600B7C4FE /* JavaScriptCore.framework */,
				925CF4322596443100D71A76 /* JavaScriptCore.framework */,
				C8DBC48FD7C3AEF576C57B21 /* libPods-Shared-spotter-macOS.a */,
			);
			name = Frameworks;
			sourceTree = "<group>";
		};
		5142014A2437B4B30078DB4F /* spotter-macOS */ = {
			isa = PBXGroup;
			children = (
				928070EF25A525EF00F6363F /* IconImage */,
				9275A7A025A48A50002F1432 /* Bluetooth */,
				92F41E5A25A24A8B00D6EAD6 /* HotkeyInput */,
				925D584F259F4A7600A8FE7C /* Clipboard */,
				924CFDF5259CC987002FF7D3 /* StatusBar */,
				924CFDEE259CC697002FF7D3 /* Notifications */,
				9245EB642598AC930032CB6D /* Input */,
				925CF3EE2596265600D71A76 /* Hotkey */,
				923C275124D066A0006C67F3 /* Bluetooth */,
				923C274C24D01BC6006C67F3 /* AppsDimensions */,
				92BE4F3424CEC64F0049B6B3 /* Shell */,
				9206FEB524CD8AF000CBE256 /* Panel */,
				9251DDF224DB160900D3193F /* Assets.xcassets */,
				514201532437B4B40078DB4F /* Main.storyboard */,
				514201562437B4B40078DB4F /* Info.plist */,
				514201592437B4B40078DB4F /* spotter.entitlements */,
				92AB4F6E24B98D870094195D /* spotter-macOS-Bridging-Header.h */,
				92418A1C24CA1848007897A2 /* AppDelegate.swift */,
			);
			path = "spotter-macOS";
			sourceTree = "<group>";
		};
		832341AE1AAA6A7D00B99B32 /* Libraries */ = {
			isa = PBXGroup;
			children = (
			);
			name = Libraries;
			sourceTree = "<group>";
		};
		83CBB9F61A601CBA00E9B192 = {
			isa = PBXGroup;
			children = (
				5142014A2437B4B30078DB4F /* spotter-macOS */,
				832341AE1AAA6A7D00B99B32 /* Libraries */,
				83CBBA001A601CBA00E9B192 /* Products */,
				2D16E6871FA4F8E400B85C8A /* Frameworks */,
				1986A43FA6A91CFACDF0A798 /* Pods */,
			);
			indentWidth = 2;
			sourceTree = "<group>";
			tabWidth = 2;
			usesTabs = 0;
		};
		83CBBA001A601CBA00E9B192 /* Products */ = {
			isa = PBXGroup;
			children = (
				514201492437B4B30078DB4F /* spotter.app */,
			);
			name = Products;
			sourceTree = "<group>";
		};
		9206FEB524CD8AF000CBE256 /* Panel */ = {
			isa = PBXGroup;
			children = (
				92AB4F6F24B98D870094195D /* Panel.swift */,
				92AB4F7124B98DF80094195D /* Panel.m */,
			);
			path = Panel;
			sourceTree = "<group>";
		};
		923C274C24D01BC6006C67F3 /* AppsDimensions */ = {
			isa = PBXGroup;
			children = (
				923C274D24D01BE3006C67F3 /* ApplicationsDimensions.swift */,
				923C274F24D01BF1006C67F3 /* ApplicationsDimensions.m */,
			);
			path = AppsDimensions;
			sourceTree = "<group>";
		};
		923C275124D066A0006C67F3 /* Bluetooth */ = {
			isa = PBXGroup;
			children = (
			);
			path = Bluetooth;
			sourceTree = "<group>";
		};
		9245EB642598AC930032CB6D /* Input */ = {
			isa = PBXGroup;
			children = (
				9245EB662598ACAD0032CB6D /* Input.swift */,
				9245EB9C2598BBCA0032CB6D /* Input.m */,
				9245EC08259BB1C50032CB6D /* CustomNSTextField.swift */,
			);
			path = Input;
			sourceTree = "<group>";
		};
		924CFDEE259CC697002FF7D3 /* Notifications */ = {
			isa = PBXGroup;
			children = (
				924CFDEF259CC6E8002FF7D3 /* Notifications.swift */,
				924CFDF2259CC6FA002FF7D3 /* Notifications.m */,
			);
			path = Notifications;
			sourceTree = "<group>";
		};
		924CFDF5259CC987002FF7D3 /* StatusBar */ = {
			isa = PBXGroup;
			children = (
				924CFDF6259CC9AF002FF7D3 /* StatusBar.m */,
				924CFDF9259CC9B7002FF7D3 /* StatusBar.swift */,
			);
			path = StatusBar;
			sourceTree = "<group>";
		};
		925CF3EE2596265600D71A76 /* Hotkey */ = {
			isa = PBXGroup;
			children = (
				925CF3EF2596266D00D71A76 /* Hotkey.swift */,
				925CF3F32596267E00D71A76 /* Hotkey.m */,
			);
			path = Hotkey;
			sourceTree = "<group>";
		};
		925D584F259F4A7600A8FE7C /* Clipboard */ = {
			isa = PBXGroup;
			children = (
				925D5850259F4A9000A8FE7C /* Clipboard.swift */,
				925D5853259F4AA300A8FE7C /* Clipboard.m */,
			);
			path = Clipboard;
			sourceTree = "<group>";
		};
		9275A7A025A48A50002F1432 /* Bluetooth */ = {
			isa = PBXGroup;
			children = (
				9275A7A125A48A8E002F1432 /* Bluetooth.swift */,
				9275A7A425A48A9C002F1432 /* Bluetooth.m */,
			);
			path = Bluetooth;
			sourceTree = "<group>";
		};
		928070EF25A525EF00F6363F /* IconImage */ = {
			isa = PBXGroup;
			children = (
				928070F025A5260000F6363F /* IconImage.swift */,
				928070F425A5260A00F6363F /* IconImage.m */,
				928070FA25A529D900F6363F /* CustomIconImage.swift */,
			);
			path = IconImage;
			sourceTree = "<group>";
		};
		92BE4F3424CEC64F0049B6B3 /* Shell */ = {
			isa = PBXGroup;
			children = (
				92BE4F3524CEC6740049B6B3 /* Shell.swift */,
				92BE4F3724CEC6820049B6B3 /* Shell.m */,
			);
			path = Shell;
			sourceTree = "<group>";
		};
		92F41E5A25A24A8B00D6EAD6 /* HotkeyInput */ = {
			isa = PBXGroup;
			children = (
				92F41E5B25A24A9C00D6EAD6 /* HotkeyInput.swift */,
				92F41E5E25A24AA600D6EAD6 /* HotkeyInput.m */,
				9244817125A2555F00EF3F60 /* HotkeyInputView.swift */,
			);
			path = HotkeyInput;
			sourceTree = "<group>";
		};
/* End PBXGroup section */

/* Begin PBXNativeTarget section */
		514201482437B4B30078DB4F /* spotter-macOS */ = {
			isa = PBXNativeTarget;
			buildConfigurationList = 5142015A2437B4B40078DB4F /* Build configuration list for PBXNativeTarget "spotter-macOS" */;
			buildPhases = (
				1A938104A937498D81B3BD3B /* [CP] Check Pods Manifest.lock */,
				381D8A6F24576A6C00465D17 /* Start Packager */,
				514201452437B4B30078DB4F /* Sources */,
				514201462437B4B30078DB4F /* Frameworks */,
				514201472437B4B30078DB4F /* Resources */,
				381D8A6E24576A4E00465D17 /* Bundle React Native code and images */,
			);
			buildRules = (
			);
			dependencies = (
			);
			name = "spotter-macOS";
			productName = spotter;
			productReference = 514201492437B4B30078DB4F /* spotter.app */;
			productType = "com.apple.product-type.application";
		};
/* End PBXNativeTarget section */

/* Begin PBXProject section */
		83CBB9F71A601CBA00E9B192 /* Project object */ = {
			isa = PBXProject;
			attributes = {
				LastUpgradeCheck = 1130;
				TargetAttributes = {
					514201482437B4B30078DB4F = {
						CreatedOnToolsVersion = 11.4;
						LastSwiftMigration = 1150;
						ProvisioningStyle = Automatic;
					};
				};
			};
			buildConfigurationList = 83CBB9FA1A601CBA00E9B192 /* Build configuration list for PBXProject "spotter" */;
			compatibilityVersion = "Xcode 3.2";
			developmentRegion = en;
			hasScannedForEncodings = 0;
			knownRegions = (
				en,
				Base,
			);
			mainGroup = 83CBB9F61A601CBA00E9B192;
			productRefGroup = 83CBBA001A601CBA00E9B192 /* Products */;
			projectDirPath = "";
			projectRoot = "";
			targets = (
				514201482437B4B30078DB4F /* spotter-macOS */,
			);
		};
/* End PBXProject section */

/* Begin PBXResourcesBuildPhase section */
		514201472437B4B30078DB4F /* Resources */ = {
			isa = PBXResourcesBuildPhase;
			buildActionMask = 2147483647;
			files = (
				9251DDF324DB160900D3193F /* Assets.xcassets in Resources */,
				514201552437B4B40078DB4F /* Main.storyboard in Resources */,
			);
			runOnlyForDeploymentPostprocessing = 0;
		};
/* End PBXResourcesBuildPhase section */

/* Begin PBXShellScriptBuildPhase section */
		1A938104A937498D81B3BD3B /* [CP] Check Pods Manifest.lock */ = {
			isa = PBXShellScriptBuildPhase;
			buildActionMask = 2147483647;
			files = (
			);
			inputFileListPaths = (
			);
			inputPaths = (
				"${PODS_PODFILE_DIR_PATH}/Podfile.lock",
				"${PODS_ROOT}/Manifest.lock",
			);
			name = "[CP] Check Pods Manifest.lock";
			outputFileListPaths = (
			);
			outputPaths = (
				"$(DERIVED_FILE_DIR)/Pods-Shared-spotter-macOS-checkManifestLockResult.txt",
			);
			runOnlyForDeploymentPostprocessing = 0;
			shellPath = /bin/sh;
			shellScript = "diff \"${PODS_PODFILE_DIR_PATH}/Podfile.lock\" \"${PODS_ROOT}/Manifest.lock\" > /dev/null\nif [ $? != 0 ] ; then\n    # print error to STDERR\n    echo \"error: The sandbox is not in sync with the Podfile.lock. Run 'pod install' or update your CocoaPods installation.\" >&2\n    exit 1\nfi\n# This output is used by Xcode 'outputs' to avoid re-running this script phase.\necho \"SUCCESS\" > \"${SCRIPT_OUTPUT_FILE_0}\"\n";
			showEnvVarsInLog = 0;
		};
		381D8A6E24576A4E00465D17 /* Bundle React Native code and images */ = {
			isa = PBXShellScriptBuildPhase;
			buildActionMask = 2147483647;
			files = (
			);
			inputFileListPaths = (
			);
			inputPaths = (
			);
			name = "Bundle React Native code and images";
			outputFileListPaths = (
			);
			outputPaths = (
			);
			runOnlyForDeploymentPostprocessing = 0;
			shellPath = /bin/sh;
			shellScript = "export NODE_BINARY=node\n../node_modules/react-native-macos/scripts/react-native-xcode.sh\n";
		};
		381D8A6F24576A6C00465D17 /* Start Packager */ = {
			isa = PBXShellScriptBuildPhase;
			buildActionMask = 2147483647;
			files = (
			);
			inputFileListPaths = (
			);
			inputPaths = (
			);
			name = "Start Packager";
			outputFileListPaths = (
			);
			outputPaths = (
			);
			runOnlyForDeploymentPostprocessing = 0;
			shellPath = /bin/sh;
			shellScript = "export RCT_METRO_PORT=\"${RCT_METRO_PORT:=8081}\"\necho \"export RCT_METRO_PORT=${RCT_METRO_PORT}\" > \"${SRCROOT}/../node_modules/react-native-macos/scripts/.packager.env\"\nif [ -z \"${RCT_NO_LAUNCH_PACKAGER+xxx}\" ] ; then\n  if nc -w 5 -z localhost ${RCT_METRO_PORT} ; then\n    if ! curl -s \"http://localhost:${RCT_METRO_PORT}/status\" | grep -q \"packager-status:running\" ; then\n      echo \"Port ${RCT_METRO_PORT} already in use, packager is either not running or not running correctly\"\n      exit 2\n    fi\n  else\n    open \"$SRCROOT/../node_modules/react-native-macos/scripts/launchPackager.command\" || echo \"Can't start packager automatically\"\n  fi\nfi\n";
		};
/* End PBXShellScriptBuildPhase section */

/* Begin PBXSourcesBuildPhase section */
		514201452437B4B30078DB4F /* Sources */ = {
			isa = PBXSourcesBuildPhase;
			buildActionMask = 2147483647;
			files = (
				9245EB672598ACAD0032CB6D /* Input.swift in Sources */,
				928070F125A5260000F6363F /* IconImage.swift in Sources */,
				925CF3F42596267E00D71A76 /* Hotkey.m in Sources */,
				9275A7A225A48A8E002F1432 /* Bluetooth.swift in Sources */,
				928070F525A5260A00F6363F /* IconImage.m in Sources */,
				92BE4F3824CEC6820049B6B3 /* Shell.m in Sources */,
				924CFDFA259CC9B7002FF7D3 /* StatusBar.swift in Sources */,
				92BE4F3624CEC6740049B6B3 /* Shell.swift in Sources */,
				923C275024D01BF1006C67F3 /* ApplicationsDimensions.m in Sources */,
				924CFDF0259CC6E8002FF7D3 /* Notifications.swift in Sources */,
				925CF3F02596266D00D71A76 /* Hotkey.swift in Sources */,
				9275A7A525A48A9C002F1432 /* Bluetooth.m in Sources */,
				92F41E5F25A24AA600D6EAD6 /* HotkeyInput.m in Sources */,
				9244817225A2555F00EF3F60 /* HotkeyInputView.swift in Sources */,
				92418A1D24CA1848007897A2 /* AppDelegate.swift in Sources */,
				924CFDF3259CC6FA002FF7D3 /* Notifications.m in Sources */,
				9245EC09259BB1C50032CB6D /* CustomNSTextField.swift in Sources */,
				92F41E5C25A24A9C00D6EAD6 /* HotkeyInput.swift in Sources */,
				923C274E24D01BE3006C67F3 /* ApplicationsDimensions.swift in Sources */,
				925D5854259F4AA300A8FE7C /* Clipboard.m in Sources */,
				925D5851259F4A9000A8FE7C /* Clipboard.swift in Sources */,
				92AB4F7024B98D870094195D /* Panel.swift in Sources */,
				9245EB9D2598BBCA0032CB6D /* Input.m in Sources */,
				928070FB25A529D900F6363F /* CustomIconImage.swift in Sources */,
				924CFDF7259CC9AF002FF7D3 /* StatusBar.m in Sources */,
				92AB4F7224B98DF80094195D /* Panel.m in Sources */,
			);
			runOnlyForDeploymentPostprocessing = 0;
		};
/* End PBXSourcesBuildPhase section */

/* Begin PBXVariantGroup section */
		514201532437B4B40078DB4F /* Main.storyboard */ = {
			isa = PBXVariantGroup;
			children = (
				514201542437B4B40078DB4F /* Base */,
			);
			name = Main.storyboard;
			sourceTree = "<group>";
		};
/* End PBXVariantGroup section */

/* Begin XCBuildConfiguration section */
		5142015B2437B4B40078DB4F /* Debug */ = {
			isa = XCBuildConfiguration;
			baseConfigurationReference = 02422F9FB6FF5F34B4E63E6F /* Pods-Shared-spotter-macOS.debug.xcconfig */;
			buildSettings = {
				ASSETCATALOG_COMPILER_APPICON_NAME = AppIcon;
				CLANG_ENABLE_MODULES = YES;
				CODE_SIGN_ENTITLEMENTS = "spotter-macOS/spotter.entitlements";
				CURRENT_PROJECT_VERSION = 1;
				DEAD_CODE_STRIPPING = YES;
				DEVELOPMENT_TEAM = "";
				GCC_PREPROCESSOR_DEFINITIONS = "$(inherited)";
				INFOPLIST_FILE = "spotter-macos/Info.plist";
				LD_RUNPATH_SEARCH_PATHS = "$(inherited) @executable_path/Frameworks @executable_path/../Frameworks";
				MACOSX_DEPLOYMENT_TARGET = 10.14;
				MARKETING_VERSION = 1.0.3;
				OTHER_LDFLAGS = (
					"$(inherited)",
					"-ObjC",
					"-lc++",
				);
				OTHER_SWIFT_FLAGS = "$(inherited) -DDEBUG";
				PRODUCT_BUNDLE_IDENTIFIER = "org.reactjs.native.$(PRODUCT_NAME:rfc1034identifier)";
				PRODUCT_NAME = spotter;
				SDKROOT = macosx;
				SWIFT_OBJC_BRIDGING_HEADER = "spotter-macOS/spotter-macOS-Bridging-Header.h";
				SWIFT_OPTIMIZATION_LEVEL = "-Onone";
				SWIFT_VERSION = 5.0;
			};
			name = Debug;
		};
		5142015C2437B4B40078DB4F /* Release */ = {
			isa = XCBuildConfiguration;
			baseConfigurationReference = CE0E74F571E1F48FF00A8324 /* Pods-Shared-spotter-macOS.release.xcconfig */;
			buildSettings = {
				ASSETCATALOG_COMPILER_APPICON_NAME = AppIcon;
				CLANG_ENABLE_MODULES = YES;
				CODE_SIGN_ENTITLEMENTS = "spotter-macOS/spotter.entitlements";
				CURRENT_PROJECT_VERSION = 1;
				DEAD_CODE_STRIPPING = YES;
				DEVELOPMENT_TEAM = "";
				INFOPLIST_FILE = "spotter-macos/Info.plist";
				LD_RUNPATH_SEARCH_PATHS = "$(inherited) @executable_path/Frameworks @executable_path/../Frameworks";
				MACOSX_DEPLOYMENT_TARGET = 10.14;
				MARKETING_VERSION = 1.0.3;
				OTHER_LDFLAGS = (
					"$(inherited)",
					"-ObjC",
					"-lc++",
				);
				OTHER_SWIFT_FLAGS = "$(inherited) -DDEBUG";
				PRODUCT_BUNDLE_IDENTIFIER = "org.reactjs.native.$(PRODUCT_NAME:rfc1034identifier)";
				PRODUCT_NAME = spotter;
				SDKROOT = macosx;
				SWIFT_OBJC_BRIDGING_HEADER = "spotter-macOS/spotter-macOS-Bridging-Header.h";
				SWIFT_VERSION = 5.0;
			};
			name = Release;
		};
		83CBBA201A601CBA00E9B192 /* Debug */ = {
			isa = XCBuildConfiguration;
			buildSettings = {
				ALWAYS_SEARCH_USER_PATHS = NO;
				CLANG_ANALYZER_LOCALIZABILITY_NONLOCALIZED = YES;
				CLANG_CXX_LANGUAGE_STANDARD = "gnu++0x";
				CLANG_CXX_LIBRARY = "libc++";
				CLANG_ENABLE_MODULES = YES;
				CLANG_ENABLE_OBJC_ARC = YES;
				CLANG_WARN_BLOCK_CAPTURE_AUTORELEASING = YES;
				CLANG_WARN_BOOL_CONVERSION = YES;
				CLANG_WARN_COMMA = YES;
				CLANG_WARN_CONSTANT_CONVERSION = YES;
				CLANG_WARN_DEPRECATED_OBJC_IMPLEMENTATIONS = YES;
				CLANG_WARN_DIRECT_OBJC_ISA_USAGE = YES_ERROR;
				CLANG_WARN_EMPTY_BODY = YES;
				CLANG_WARN_ENUM_CONVERSION = YES;
				CLANG_WARN_INFINITE_RECURSION = YES;
				CLANG_WARN_INT_CONVERSION = YES;
				CLANG_WARN_NON_LITERAL_NULL_CONVERSION = YES;
				CLANG_WARN_OBJC_IMPLICIT_RETAIN_SELF = YES;
				CLANG_WARN_OBJC_LITERAL_CONVERSION = YES;
				CLANG_WARN_OBJC_ROOT_CLASS = YES_ERROR;
				CLANG_WARN_RANGE_LOOP_ANALYSIS = YES;
				CLANG_WARN_STRICT_PROTOTYPES = YES;
				CLANG_WARN_SUSPICIOUS_MOVE = YES;
				CLANG_WARN_UNREACHABLE_CODE = YES;
				CLANG_WARN__DUPLICATE_METHOD_MATCH = YES;
				"CODE_SIGN_IDENTITY[sdk=iphoneos*]" = "iPhone Developer";
				COPY_PHASE_STRIP = NO;
				ENABLE_STRICT_OBJC_MSGSEND = YES;
				ENABLE_TESTABILITY = YES;
				GCC_C_LANGUAGE_STANDARD = gnu99;
				GCC_DYNAMIC_NO_PIC = NO;
				GCC_NO_COMMON_BLOCKS = YES;
				GCC_OPTIMIZATION_LEVEL = 0;
				GCC_PREPROCESSOR_DEFINITIONS = (
					"DEBUG=1",
					"$(inherited)",
				);
				GCC_SYMBOLS_PRIVATE_EXTERN = NO;
				GCC_WARN_64_TO_32_BIT_CONVERSION = YES;
				GCC_WARN_ABOUT_RETURN_TYPE = YES_ERROR;
				GCC_WARN_UNDECLARED_SELECTOR = YES;
				GCC_WARN_UNINITIALIZED_AUTOS = YES_AGGRESSIVE;
				GCC_WARN_UNUSED_FUNCTION = YES;
				GCC_WARN_UNUSED_VARIABLE = YES;
				IPHONEOS_DEPLOYMENT_TARGET = 9.0;
				LD_RUNPATH_SEARCH_PATHS = "/usr/lib/swift $(inherited)";
				LIBRARY_SEARCH_PATHS = (
					"\"$(TOOLCHAIN_DIR)/usr/lib/swift/$(PLATFORM_NAME)\"",
					"\"$(TOOLCHAIN_DIR)/usr/lib/swift-5.0/$(PLATFORM_NAME)\"",
					"\"$(inherited)\"",
				);
				MTL_ENABLE_DEBUG_INFO = YES;
				ONLY_ACTIVE_ARCH = YES;
				SDKROOT = iphoneos;
			};
			name = Debug;
		};
		83CBBA211A601CBA00E9B192 /* Release */ = {
			isa = XCBuildConfiguration;
			buildSettings = {
				ALWAYS_SEARCH_USER_PATHS = NO;
				CLANG_ANALYZER_LOCALIZABILITY_NONLOCALIZED = YES;
				CLANG_CXX_LANGUAGE_STANDARD = "gnu++0x";
				CLANG_CXX_LIBRARY = "libc++";
				CLANG_ENABLE_MODULES = YES;
				CLANG_ENABLE_OBJC_ARC = YES;
				CLANG_WARN_BLOCK_CAPTURE_AUTORELEASING = YES;
				CLANG_WARN_BOOL_CONVERSION = YES;
				CLANG_WARN_COMMA = YES;
				CLANG_WARN_CONSTANT_CONVERSION = YES;
				CLANG_WARN_DEPRECATED_OBJC_IMPLEMENTATIONS = YES;
				CLANG_WARN_DIRECT_OBJC_ISA_USAGE = YES_ERROR;
				CLANG_WARN_EMPTY_BODY = YES;
				CLANG_WARN_ENUM_CONVERSION = YES;
				CLANG_WARN_INFINITE_RECURSION = YES;
				CLANG_WARN_INT_CONVERSION = YES;
				CLANG_WARN_NON_LITERAL_NULL_CONVERSION = YES;
				CLANG_WARN_OBJC_IMPLICIT_RETAIN_SELF = YES;
				CLANG_WARN_OBJC_LITERAL_CONVERSION = YES;
				CLANG_WARN_OBJC_ROOT_CLASS = YES_ERROR;
				CLANG_WARN_RANGE_LOOP_ANALYSIS = YES;
				CLANG_WARN_STRICT_PROTOTYPES = YES;
				CLANG_WARN_SUSPICIOUS_MOVE = YES;
				CLANG_WARN_UNREACHABLE_CODE = YES;
				CLANG_WARN__DUPLICATE_METHOD_MATCH = YES;
				"CODE_SIGN_IDENTITY[sdk=iphoneos*]" = "iPhone Developer";
				COPY_PHASE_STRIP = YES;
				ENABLE_NS_ASSERTIONS = NO;
				ENABLE_STRICT_OBJC_MSGSEND = YES;
				GCC_C_LANGUAGE_STANDARD = gnu99;
				GCC_NO_COMMON_BLOCKS = YES;
				GCC_WARN_64_TO_32_BIT_CONVERSION = YES;
				GCC_WARN_ABOUT_RETURN_TYPE = YES_ERROR;
				GCC_WARN_UNDECLARED_SELECTOR = YES;
				GCC_WARN_UNINITIALIZED_AUTOS = YES_AGGRESSIVE;
				GCC_WARN_UNUSED_FUNCTION = YES;
				GCC_WARN_UNUSED_VARIABLE = YES;
				IPHONEOS_DEPLOYMENT_TARGET = 9.0;
				LD_RUNPATH_SEARCH_PATHS = "/usr/lib/swift $(inherited)";
				LIBRARY_SEARCH_PATHS = (
					"\"$(TOOLCHAIN_DIR)/usr/lib/swift/$(PLATFORM_NAME)\"",
					"\"$(TOOLCHAIN_DIR)/usr/lib/swift-5.0/$(PLATFORM_NAME)\"",
					"\"$(inherited)\"",
				);
				MTL_ENABLE_DEBUG_INFO = NO;
				ONLY_ACTIVE_ARCH = YES;
				SDKROOT = iphoneos;
				VALIDATE_PRODUCT = YES;
			};
			name = Release;
		};
/* End XCBuildConfiguration section */

/* Begin XCConfigurationList section */
		5142015A2437B4B40078DB4F /* Build configuration list for PBXNativeTarget "spotter-macOS" */ = {
			isa = XCConfigurationList;
			buildConfigurations = (
				5142015B2437B4B40078DB4F /* Debug */,
				5142015C2437B4B40078DB4F /* Release */,
			);
			defaultConfigurationIsVisible = 0;
			defaultConfigurationName = Release;
		};
		83CBB9FA1A601CBA00E9B192 /* Build configuration list for PBXProject "spotter" */ = {
			isa = XCConfigurationList;
			buildConfigurations = (
				83CBBA201A601CBA00E9B192 /* Debug */,
				83CBBA211A601CBA00E9B192 /* Release */,
			);
			defaultConfigurationIsVisible = 0;
			defaultConfigurationName = Release;
		};
/* End XCConfigurationList section */
	};
	rootObject = 83CBB9F71A601CBA00E9B192 /* Project object */;
}
