# THIS IS AN AUTOGENERATED FILE. DO NOT EDIT THIS FILE DIRECTLY.
# yarn lockfile v1


"@spotter-app/core@2.0.0-beta.0":
  version "2.0.0-beta.0"
  resolved "https://registry.yarnpkg.com/@spotter-app/core/-/core-2.0.0-beta.0.tgz#76692834b93069e6c5d5117d5fe33cf0e1eee1c7"
  integrity sha512-0OdhqK1oi9N5H6r9zIabriURoDmq/v7E533zDeuCTeVk1cb9+Wj5rw7N85BDR8kMiG6O6OCSABLUuaMqkC+HXA==

"@spotter-app/plugin@2.0.0-beta.0":
  version "2.0.0-beta.0"
  resolved "https://registry.yarnpkg.com/@spotter-app/plugin/-/plugin-2.0.0-beta.0.tgz#307c8c9b96a855471525d526d9fb218314d08784"
  integrity sha512-0h+477Th+1J5T388lftq8QrbSqY/MI18p8/4LUwBzphoahgf0y5rJbt6jSLzRMU2Q8wu09r4hF7pOWfPXDnGQA==
  dependencies:
    "@spotter-app/core" "2.0.0-beta.0"
    rxjs "^7.4.0"
    ws "^8.3.0"

rxjs@^7.4.0:
  version "7.4.0"
  resolved "https://registry.yarnpkg.com/rxjs/-/rxjs-7.4.0.tgz#a12a44d7eebf016f5ff2441b87f28c9a51cebc68"
  integrity sha512-7SQDi7xeTMCJpqViXh8gL/lebcwlp3d831F05+9B44A4B0WfsEwUQHR64gsH1kvJ+Ep/J9K2+n1hVl1CsGN23w==
  dependencies:
    tslib "~2.1.0"

tslib@~2.1.0:
  version "2.1.0"
  resolved "https://registry.yarnpkg.com/tslib/-/tslib-2.1.0.tgz#da60860f1c2ecaa5703ab7d39bc05b6bf988b97a"
  integrity sha512-hcVC3wYEziELGGmEEXue7D75zbwIIVUMWAVbHItGPx0ziyXxrOMQx4rQEVEV45Ut/1IotuEvwqPopzIOkDMf0A==

ws@^8.3.0:
  version "8.3.0"
  resolved "https://registry.yarnpkg.com/ws/-/ws-8.3.0.tgz#7185e252c8973a60d57170175ff55fdbd116070d"
  integrity sha512-Gs5EZtpqZzLvmIM59w4igITU57lrtYVFneaa434VROv4thzJyV6UjIL3D42lslWlI+D4KzLYnxSwtfuiO79sNw==
